<?xml version="1.0" encoding="utf-8"?>
<Project ToolsVersion="4.0" xmlns="http://schemas.microsoft.com/developer/msbuild/2003">
  <ItemGroup>
    <Filter Include="ソース ファイル">
      <UniqueIdentifier>{4FC737F1-C7A5-4376-A066-2A32D752A2FF}</UniqueIdentifier>
      <Extensions>cpp;c;cc;cxx;c++;cppm;ixx;def;odl;idl;hpj;bat;asm;asmx</Extensions>
    </Filter>
    <Filter Include="ヘッダー ファイル">
      <UniqueIdentifier>{93995380-89BD-4b04-88EB-625FBE52EBFB}</UniqueIdentifier>
      <Extensions>h;hh;hpp;hxx;h++;hm;inl;inc;ipp;xsd</Extensions>
    </Filter>
    <Filter Include="リソース ファイル">
      <UniqueIdentifier>{67DA6AB6-F800-4c08-8B7A-83BB121AAD01}</UniqueIdentifier>
      <Extensions>rc;ico;cur;bmp;dlg;rc2;rct;bin;rgs;gif;jpg;jpeg;jpe;resx;tiff;tif;png;wav;mfcribbon-ms</Extensions>
    </Filter>
    <Filter Include="1_データ管理">
      <UniqueIdentifier>{244cf229-4194-4928-bcd4-77050685e88b}</UniqueIdentifier>
    </Filter>
    <Filter Include="1_データ管理\0_共通">
      <UniqueIdentifier>{e6b8b39b-7dd2-4bf2-af41-24971b5be080}</UniqueIdentifier>
    </Filter>
    <Filter Include="I/F">
      <UniqueIdentifier>{c4fb3a41-59f5-46b5-a53c-9f8a82a76bdf}</UniqueIdentifier>
    </Filter>
    <Filter Include="2_入出力機能">
      <UniqueIdentifier>{57db1d8d-2afc-4223-9cc1-da4b150e7460}</UniqueIdentifier>
    </Filter>
    <Filter Include="2_入出力機能\1_入力データ読み込み">
      <UniqueIdentifier>{8bad5bc5-a482-4e44-ac6c-6f0746be8e99}</UniqueIdentifier>
    </Filter>
    <Filter Include="2_入出力機能\1_入力データ読み込み\0_共通">
      <UniqueIdentifier>{564c6a35-9660-4203-b4e5-c140f36b3845}</UniqueIdentifier>
    </Filter>
    <Filter Include="3_発電ポテンシャル推計">
      <UniqueIdentifier>{812692c9-0239-472b-9907-b29d3d2fd689}</UniqueIdentifier>
    </Filter>
    <Filter Include="3_発電ポテンシャル推計\1_日射量">
      <UniqueIdentifier>{27f0bb10-63e7-48fa-af32-36d1a4e87cd6}</UniqueIdentifier>
    </Filter>
    <Filter Include="3_発電ポテンシャル推計\2_発電量">
      <UniqueIdentifier>{f646de9d-1e45-47e8-8862-94dd7be6787e}</UniqueIdentifier>
    </Filter>
    <Filter Include="2_入出力機能\1_入力データ読み込み\1_NEDOデータ">
      <UniqueIdentifier>{9bb7a32e-ca10-4a12-ad31-26a67053775a}</UniqueIdentifier>
    </Filter>
    <Filter Include="2_入出力機能\1_入力データ読み込み\2_可照時間">
      <UniqueIdentifier>{0155f2c7-a48d-4b1c-8c42-34cb2fb65f8f}</UniqueIdentifier>
    </Filter>
    <Filter Include="2_入出力機能\1_入力データ読み込み\3_平均日照時間">
      <UniqueIdentifier>{abac5d37-2e33-4aa0-86a5-40177d0ce71d}</UniqueIdentifier>
    </Filter>
    <Filter Include="4_反射シミュレーション機能">
      <UniqueIdentifier>{08146c92-ee85-487b-93c3-76a6e0edbf42}</UniqueIdentifier>
    </Filter>
    <Filter Include="5_設定ファイル">
      <UniqueIdentifier>{aef67736-a48e-4796-a6bd-c3ce2f385efe}</UniqueIdentifier>
    </Filter>
  </ItemGroup>
  <ItemGroup>
    <ClInclude Include="framework.h">
      <Filter>ヘッダー ファイル</Filter>
    </ClInclude>
    <ClInclude Include="pch.h">
      <Filter>ヘッダー ファイル</Filter>
    </ClInclude>
    <ClInclude Include="DataImport.h">
      <Filter>2_入出力機能\1_入力データ読み込み\0_共通</Filter>
    </ClInclude>
    <ClInclude Include="ImportMetpvData.h">
      <Filter>2_入出力機能\1_入力データ読み込み\1_NEDOデータ</Filter>
    </ClInclude>
    <ClInclude Include="Analyzer.h">
      <Filter>I/F</Filter>
    </ClInclude>
    <ClInclude Include="ImportPossibleSunshineData.h">
      <Filter>2_入出力機能\1_入力データ読み込み\2_可照時間</Filter>
    </ClInclude>
    <ClInclude Include="ImportAverageSunshineData.h">
      <Filter>2_入出力機能\1_入力データ読み込み\3_平均日照時間</Filter>
    </ClInclude>
    <ClInclude Include="UIParam.h">
      <Filter>1_データ管理\0_共通</Filter>
    </ClInclude>
    <ClInclude Include="AnalysisReflectionMesh.h">
      <Filter>4_反射シミュレーション機能</Filter>
    </ClInclude>
    <ClInclude Include="ReflectionSimulateMng.h">
      <Filter>4_反射シミュレーション機能</Filter>
    </ClInclude>
    <ClInclude Include="ReflectionSimulator.h">
      <Filter>4_反射シミュレーション機能</Filter>
    </ClInclude>
    <ClInclude Include="ReflectionSimulatorMesh.h">
      <Filter>4_反射シミュレーション機能</Filter>
    </ClInclude>
    <ClInclude Include="CalcSolarPower.h">
      <Filter>3_発電ポテンシャル推計\2_発電量</Filter>
    </ClInclude>
    <ClInclude Include="CalcSolarRadiation.h">
      <Filter>3_発電ポテンシャル推計\1_日射量</Filter>
    </ClInclude>
    <ClInclude Include="AnalyzeData.h">
      <Filter>ヘッダー ファイル</Filter>
    </ClInclude>
    <ClInclude Include="AnalysisRadiationData.h">
      <Filter>3_発電ポテンシャル推計</Filter>
    </ClInclude>
    <ClInclude Include="CalcSolarPotentialMng.h">
      <Filter>3_発電ポテンシャル推計</Filter>
    </ClInclude>
  </ItemGroup>
  <ItemGroup>
    <ClCompile Include="pch.cpp">
      <Filter>ソース ファイル</Filter>
    </ClCompile>
    <ClCompile Include="dllmain.cpp">
      <Filter>ソース ファイル</Filter>
    </ClCompile>
    <ClCompile Include="DataImport.cpp">
      <Filter>2_入出力機能\1_入力データ読み込み\0_共通</Filter>
    </ClCompile>
    <ClCompile Include="ImportMetpvData.cpp">
      <Filter>2_入出力機能\1_入力データ読み込み\1_NEDOデータ</Filter>
    </ClCompile>
    <ClCompile Include="ImportPossibleSunshineData.cpp">
      <Filter>2_入出力機能\1_入力データ読み込み\2_可照時間</Filter>
    </ClCompile>
    <ClCompile Include="ImportAverageSunshineData.cpp">
      <Filter>2_入出力機能\1_入力データ読み込み\3_平均日照時間</Filter>
    </ClCompile>
    <ClCompile Include="Analyzer.cpp">
      <Filter>ソース ファイル</Filter>
    </ClCompile>
    <ClCompile Include="ReflectionSimulateMng.cpp">
      <Filter>4_反射シミュレーション機能</Filter>
    </ClCompile>
    <ClCompile Include="ReflectionSimulator.cpp">
      <Filter>4_反射シミュレーション機能</Filter>
    </ClCompile>
    <ClCompile Include="AnalysisReflectionMesh.cpp">
      <Filter>4_反射シミュレーション機能</Filter>
    </ClCompile>
    <ClCompile Include="ReflectionSimulatorMesh.cpp">
      <Filter>4_反射シミュレーション機能</Filter>
    </ClCompile>
    <ClCompile Include="CalcSolarPower.cpp">
      <Filter>3_発電ポテンシャル推計\2_発電量</Filter>
    </ClCompile>
    <ClCompile Include="CalcSolarRadiation.cpp">
      <Filter>3_発電ポテンシャル推計\1_日射量</Filter>
    </ClCompile>
    <ClCompile Include="CalcSolarPotentialMng.cpp">
      <Filter>3_発電ポテンシャル推計</Filter>
    </ClCompile>
  </ItemGroup>
  <ItemGroup>
    <None Include="SolarPotential.ini">
      <Filter>5_設定ファイル</Filter>
    </None>
  </ItemGroup>
</Project>