<?xml version="1.0" encoding="utf-8"?>
<Project ToolsVersion="4.0" xmlns="http://schemas.microsoft.com/developer/msbuild/2003">
  <ItemGroup>
    <Filter Include="ソース ファイル">
      <UniqueIdentifier>{4FC737F1-C7A5-4376-A066-2A32D752A2FF}</UniqueIdentifier>
      <Extensions>cpp;c;cc;cxx;c++;cppm;ixx;def;odl;idl;hpj;bat;asm;asmx</Extensions>
    </Filter>
    <Filter Include="ヘッダー ファイル">
      <UniqueIdentifier>{93995380-89BD-4b04-88EB-625FBE52EBFB}</UniqueIdentifier>
      <Extensions>h;hh;hpp;hxx;h++;hm;inl;inc;ipp;xsd</Extensions>
    </Filter>
    <Filter Include="リソース ファイル">
      <UniqueIdentifier>{67DA6AB6-F800-4c08-8B7A-83BB121AAD01}</UniqueIdentifier>
      <Extensions>rc;ico;cur;bmp;dlg;rc2;rct;bin;rgs;gif;jpg;jpeg;jpe;resx;tiff;tif;png;wav;mfcribbon-ms</Extensions>
    </Filter>
    <Filter Include="1_ファイル操作">
      <UniqueIdentifier>{ada6662f-1b5f-43a7-a4d9-2b1e7f997478}</UniqueIdentifier>
    </Filter>
    <Filter Include="3_TIFF関連">
      <UniqueIdentifier>{b6d23aae-c1de-43e3-8332-dfd65322e86c}</UniqueIdentifier>
    </Filter>
    <Filter Include="4_設定ファイル関連">
      <UniqueIdentifier>{cd4a512d-6e65-4d0d-82cb-9e6ef36c5fea}</UniqueIdentifier>
    </Filter>
    <Filter Include="2_SHP関連">
      <UniqueIdentifier>{38b4c9d2-3c88-447b-adc5-7081ed21da76}</UniqueIdentifier>
    </Filter>
    <Filter Include="2_SHP関連\shapelib-1.5.0">
      <UniqueIdentifier>{12ee9e23-e501-4857-845c-9287a33ab89c}</UniqueIdentifier>
    </Filter>
    <Filter Include="5_OpenCV">
      <UniqueIdentifier>{c9ad85fe-5e88-4eea-ad47-63da6186f716}</UniqueIdentifier>
    </Filter>
    <Filter Include="5_OpenCV\x64">
      <UniqueIdentifier>{9a423fc2-c843-4e8d-968c-32cbe4f279ff}</UniqueIdentifier>
    </Filter>
    <Filter Include="5_OpenCV\x64\include">
      <UniqueIdentifier>{549e93cc-9bc4-4b39-8492-7eed67793e39}</UniqueIdentifier>
    </Filter>
    <Filter Include="5_OpenCV\x64\lib">
      <UniqueIdentifier>{eaeb76f1-d189-4121-80ac-a0fbbfab0252}</UniqueIdentifier>
    </Filter>
    <Filter Include="5_OpenCV\x64\dll">
      <UniqueIdentifier>{1b859366-1ac1-43da-bd94-3679beaf2b01}</UniqueIdentifier>
    </Filter>
  </ItemGroup>
  <ItemGroup>
    <ClInclude Include="framework.h">
      <Filter>ヘッダー ファイル</Filter>
    </ClInclude>
    <ClInclude Include="pch.h">
      <Filter>ヘッダー ファイル</Filter>
    </ClInclude>
    <ClInclude Include="CGeoUtil.h">
      <Filter>ヘッダー ファイル</Filter>
    </ClInclude>
    <ClInclude Include="CTime.h">
      <Filter>ヘッダー ファイル</Filter>
    </ClInclude>
    <ClInclude Include="CFileIO.h">
      <Filter>1_ファイル操作</Filter>
    </ClInclude>
    <ClInclude Include="CFileUtil.h">
      <Filter>1_ファイル操作</Filter>
    </ClInclude>
    <ClInclude Include="CINIFileIO.h">
      <Filter>1_ファイル操作</Filter>
    </ClInclude>
    <ClInclude Include="StringEx.h">
      <Filter>ヘッダー ファイル</Filter>
    </ClInclude>
    <ClInclude Include="CTiffCreator.h">
      <Filter>3_TIFF関連</Filter>
    </ClInclude>
    <ClInclude Include="CSunVector.h">
      <Filter>ヘッダー ファイル</Filter>
    </ClInclude>
    <ClInclude Include="CLightRay.h">
      <Filter>ヘッダー ファイル</Filter>
    </ClInclude>
    <ClInclude Include="CEpsUtil.h">
      <Filter>ヘッダー ファイル</Filter>
    </ClInclude>
    <ClInclude Include="TiffData.h">
      <Filter>3_TIFF関連</Filter>
    </ClInclude>
    <ClInclude Include="ReadINIParam.h">
      <Filter>4_設定ファイル関連</Filter>
    </ClInclude>
    <ClInclude Include="TiffDataManager.h">
      <Filter>3_TIFF関連</Filter>
    </ClInclude>
    <ClInclude Include="CImageUtil.h">
      <Filter>ヘッダー ファイル</Filter>
    </ClInclude>
    <ClInclude Include="CGeoid.h">
      <Filter>ヘッダー ファイル</Filter>
    </ClInclude>
    <ClInclude Include="lib\shapelib-1.5.0\shapefil.h">
      <Filter>2_SHP関連\shapelib-1.5.0</Filter>
    </ClInclude>
    <ClInclude Include="CPoint2DPolygon.h">
      <Filter>ヘッダー ファイル</Filter>
    </ClInclude>
    <ClInclude Include="lib\opencv\x64\include\opencv2\imgproc.hpp">
      <Filter>5_OpenCV\x64\include</Filter>
    </ClInclude>
    <ClInclude Include="lib\opencv\x64\include\opencv2\ml.hpp">
      <Filter>5_OpenCV\x64\include</Filter>
    </ClInclude>
    <ClInclude Include="lib\opencv\x64\include\opencv2\objdetect.hpp">
      <Filter>5_OpenCV\x64\include</Filter>
    </ClInclude>
    <ClInclude Include="lib\opencv\x64\include\opencv2\opencv.hpp">
      <Filter>5_OpenCV\x64\include</Filter>
    </ClInclude>
    <ClInclude Include="lib\opencv\x64\include\opencv2\opencv_modules.hpp">
      <Filter>5_OpenCV\x64\include</Filter>
    </ClInclude>
    <ClInclude Include="lib\opencv\x64\include\opencv2\photo.hpp">
      <Filter>5_OpenCV\x64\include</Filter>
    </ClInclude>
    <ClInclude Include="lib\opencv\x64\include\opencv2\stitching.hpp">
      <Filter>5_OpenCV\x64\include</Filter>
    </ClInclude>
    <ClInclude Include="lib\opencv\x64\include\opencv2\video.hpp">
      <Filter>5_OpenCV\x64\include</Filter>
    </ClInclude>
    <ClInclude Include="lib\opencv\x64\include\opencv2\videoio.hpp">
      <Filter>5_OpenCV\x64\include</Filter>
    </ClInclude>
    <ClInclude Include="lib\opencv\x64\include\opencv2\world.hpp">
      <Filter>5_OpenCV\x64\include</Filter>
    </ClInclude>
    <ClInclude Include="lib\opencv\x64\include\opencv2\calib3d.hpp">
      <Filter>5_OpenCV\x64\include</Filter>
    </ClInclude>
    <ClInclude Include="lib\opencv\x64\include\opencv2\core.hpp">
      <Filter>5_OpenCV\x64\include</Filter>
    </ClInclude>
    <ClInclude Include="lib\opencv\x64\include\opencv2\cvconfig.h">
      <Filter>5_OpenCV\x64\include</Filter>
    </ClInclude>
    <ClInclude Include="lib\opencv\x64\include\opencv2\dnn.hpp">
      <Filter>5_OpenCV\x64\include</Filter>
    </ClInclude>
    <ClInclude Include="lib\opencv\x64\include\opencv2\features2d.hpp">
      <Filter>5_OpenCV\x64\include</Filter>
    </ClInclude>
    <ClInclude Include="lib\opencv\x64\include\opencv2\flann.hpp">
      <Filter>5_OpenCV\x64\include</Filter>
    </ClInclude>
    <ClInclude Include="lib\opencv\x64\include\opencv2\gapi.hpp">
      <Filter>5_OpenCV\x64\include</Filter>
    </ClInclude>
    <ClInclude Include="lib\opencv\x64\include\opencv2\highgui.hpp">
      <Filter>5_OpenCV\x64\include</Filter>
    </ClInclude>
    <ClInclude Include="lib\opencv\x64\include\opencv2\imgcodecs.hpp">
      <Filter>5_OpenCV\x64\include</Filter>
    </ClInclude>
    <ClInclude Include="ExitCode.h">
      <Filter>ヘッダー ファイル</Filter>
    </ClInclude>
  </ItemGroup>
  <ItemGroup>
    <ClCompile Include="pch.cpp">
      <Filter>ソース ファイル</Filter>
    </ClCompile>
    <ClCompile Include="CGeoUtil.cpp">
      <Filter>ソース ファイル</Filter>
    </ClCompile>
    <ClCompile Include="CFileIO.cpp">
      <Filter>1_ファイル操作</Filter>
    </ClCompile>
    <ClCompile Include="CFileUtil.cpp">
      <Filter>1_ファイル操作</Filter>
    </ClCompile>
    <ClCompile Include="CINIFileIO.cpp">
      <Filter>1_ファイル操作</Filter>
    </ClCompile>
    <ClCompile Include="CTiffCreator.cpp">
      <Filter>3_TIFF関連</Filter>
    </ClCompile>
    <ClCompile Include="CSunVector.cpp">
      <Filter>ソース ファイル</Filter>
    </ClCompile>
    <ClCompile Include="CLightRay.cpp">
      <Filter>ソース ファイル</Filter>
    </ClCompile>
    <ClCompile Include="TiffData.cpp">
      <Filter>3_TIFF関連</Filter>
    </ClCompile>
    <ClCompile Include="ReadINIParam.cpp">
      <Filter>4_設定ファイル関連</Filter>
    </ClCompile>
    <ClCompile Include="TiffDataManager.cpp">
      <Filter>3_TIFF関連</Filter>
    </ClCompile>
    <ClCompile Include="CImageUtil.cpp">
      <Filter>ソース ファイル</Filter>
    </ClCompile>
    <ClCompile Include="CGeoid.cpp">
      <Filter>ソース ファイル</Filter>
    </ClCompile>
    <ClCompile Include="CPoint2DPolygon.cpp">
      <Filter>ソース ファイル</Filter>
    </ClCompile>
  </ItemGroup>
  <ItemGroup>
    <None Include="lib\shapelib-1.5.0\shapelib.dll">
      <Filter>2_SHP関連\shapelib-1.5.0</Filter>
    </None>
    <None Include="lib\shapelib-1.5.0\shapelib_i.exp">
      <Filter>2_SHP関連\shapelib-1.5.0</Filter>
    </None>
    <None Include="lib\opencv\x64\bin\opencv_world4100.dll">
      <Filter>5_OpenCV\x64\dll</Filter>
    </None>
    <None Include="lib\opencv\x64\bin\opencv_world4100d.dll">
      <Filter>5_OpenCV\x64\dll</Filter>
    </None>
  </ItemGroup>
  <ItemGroup>
    <Library Include="lib\shapelib-1.5.0\shapelib.lib">
      <Filter>2_SHP関連\shapelib-1.5.0</Filter>
    </Library>
    <Library Include="lib\shapelib-1.5.0\shapelib_i.lib">
      <Filter>2_SHP関連\shapelib-1.5.0</Filter>
    </Library>
    <Library Include="lib\opencv\x64\lib\opencv_world4100d.lib">
      <Filter>5_OpenCV\x64\lib</Filter>
    </Library>
    <Library Include="lib\opencv\x64\lib\opencv_world4100.lib">
      <Filter>5_OpenCV\x64\lib</Filter>
    </Library>
  </ItemGroup>
  <ItemGroup>
    <Text Include="lib\opencv\LICENSE.txt">
      <Filter>5_OpenCV</Filter>
    </Text>
  </ItemGroup>
</Project>